
Microsoft Visual Studio Solution File, Format Version 12.00
# Visual Studio Version 16
VisualStudioVersion = 16.0.31624.102
MinimumVisualStudioVersion = 10.0.40219.1
Project("{FAE04EC0-301F-11D3-BF4B-00C04F79EFBC}") = "Simple Calculator", "Simple Calculator\Simple Calculator.csproj", "{CD24AC3C-670F-4075-BA93-B90D056953C2}"
EndProject
Global
	GlobalSection(SolutionConfigurationPlatforms) = preSolution
		Debug|Any CPU = Debug|Any CPU
		Release|Any CPU = Release|Any CPU
	EndGlobalSection
	GlobalSection(ProjectConfigurationPlatforms) = postSolution
		{CD24AC3C-670F-4075-BA93-B90D056953C2}.Debug|Any CPU.ActiveCfg = Debug|Any CPU
		{CD24AC3C-670F-4075-BA93-B90D056953C2}.Debug|Any CPU.Build.0 = Debug|Any CPU
		{CD24AC3C-670F-4075-BA93-B90D056953C2}.Release|Any CPU.ActiveCfg = Release|Any CPU
		{CD24AC3C-670F-4075-BA93-B90D056953C2}.Release|Any CPU.Build.0 = Release|Any CPU
	EndGlobalSection
	GlobalSection(SolutionProperties) = preSolution
		HideSolutionNode = FALSE
	EndGlobalSection
	GlobalSection(ExtensibilityGlobals) = postSolution
		SolutionGuid = {973F7D10-EE65-4FAA-8452-A77C87B9582E}
	EndGlobalSection
EndGlobal
